
Microsoft Visual Studio Solution File, Format Version 12.00
# Visual Studio Version 16
VisualStudioVersion = 16.0.31313.79
MinimumVisualStudioVersion = 10.0.40219.1
Project("{FAE04EC0-301F-11D3-BF4B-00C04F79EFBC}") = "ProximityVoice", "ProximityVoice.csproj", "{5DD1D33B-910C-4F68-95FA-1C360A1F8FEF}"
EndProject
Global
	GlobalSection(SolutionConfigurationPlatforms) = preSolution
		Debug|Any CPU = Debug|Any CPU
		Release|Any CPU = Release|Any CPU
	EndGlobalSection
	GlobalSection(ProjectConfigurationPlatforms) = postSolution
		{5DD1D33B-910C-4F68-95FA-1C360A1F8FEF}.Debug|Any CPU.ActiveCfg = Debug|Any CPU
		{5DD1D33B-910C-4F68-95FA-1C360A1F8FEF}.Debug|Any CPU.Build.0 = Debug|Any CPU
		{5DD1D33B-910C-4F68-95FA-1C360A1F8FEF}.Release|Any CPU.ActiveCfg = Release|Any CPU
		{5DD1D33B-910C-4F68-95FA-1C360A1F8FEF}.Release|Any CPU.Build.0 = Release|Any CPU
	EndGlobalSection
	GlobalSection(SolutionProperties) = preSolution
		HideSolutionNode = FALSE
	EndGlobalSection
	GlobalSection(ExtensibilityGlobals) = postSolution
		SolutionGuid = {9C825623-DC67-48CC-8D32-E5F99FF582CD}
	EndGlobalSection
EndGlobal
